
Microsoft Visual Studio Solution File, Format Version 12.00
# Visual Studio 15
VisualStudioVersion = 15.0.28307.1062
MinimumVisualStudioVersion = 10.0.40219.1
Project("{FAE04EC0-301F-11D3-BF4B-00C04F79EFBC}") = "EmployeeInformationSystem", "EmployeeInformationSystem\EmployeeInformationSystem.csproj", "{66BD4365-D626-49FC-8C86-159E8FD83BF8}"
EndProject
Global
	GlobalSection(SolutionConfigurationPlatforms) = preSolution
		Debug|Any CPU = Debug|Any CPU
		Release|Any CPU = Release|Any CPU
	EndGlobalSection
	GlobalSection(ProjectConfigurationPlatforms) = postSolution
		{66BD4365-D626-49FC-8C86-159E8FD83BF8}.Debug|Any CPU.ActiveCfg = Debug|Any CPU
		{66BD4365-D626-49FC-8C86-159E8FD83BF8}.Debug|Any CPU.Build.0 = Debug|Any CPU
		{66BD4365-D626-49FC-8C86-159E8FD83BF8}.Release|Any CPU.ActiveCfg = Release|Any CPU
		{66BD4365-D626-49FC-8C86-159E8FD83BF8}.Release|Any CPU.Build.0 = Release|Any CPU
	EndGlobalSection
	GlobalSection(SolutionProperties) = preSolution
		HideSolutionNode = FALSE
	EndGlobalSection
	GlobalSection(ExtensibilityGlobals) = postSolution
		SolutionGuid = {4497409F-FD01-4963-9B07-08A911C53802}
	EndGlobalSection
EndGlobal
